PODS:
  - AppleDevices (1.0.1)
  - Flutter (1.0.0)
  - flutter_app_update (0.0.1):
    - Flutter
  - flutter_boost (0.0.2):
    - Flutter
  - flutter_thrio (1.0.0):
    - Flutter
  - FlutterPluginRegistrant (0.0.1):
    - Flutter
    - flutter_app_update
    - flutter_boost
    - flutter_thrio
    - fluttertoast
    - path_provider_foundation
    - shared_preferences_foundation
  - fluttertoast (0.0.2):
    - Flutter
    - Toast
  - JKRetractableGCDDelay (1.0.2)
  - Masonry (1.1.0)
  - path_provider_foundation (0.0.1):
    - Flutter
    - FlutterMacOS
  - shared_preferences_foundation (0.0.1):
    - Flutter
    - FlutterMacOS
  - Toast (4.0.0)

DEPENDENCIES:
  - AppleDevices
  - Flutter (from `../flutter_module/.ios/Flutter`)
  - flutter_app_update (from `../flutter_module/.ios/.symlinks/plugins/flutter_app_update/ios`)
  - flutter_boost (from `../flutter_module/.ios/.symlinks/plugins/flutter_boost/ios`)
  - flutter_thrio (from `../flutter_module/.ios/.symlinks/plugins/flutter_thrio/ios`)
  - FlutterPluginRegistrant (from `../flutter_module/.ios/Flutter/FlutterPluginRegistrant`)
  - fluttertoast (from `../flutter_module/.ios/.symlinks/plugins/fluttertoast/ios`)
  - JKRetractableGCDDelay
  - Masonry
  - path_provider_foundation (from `../flutter_module/.ios/.symlinks/plugins/path_provider_foundation/darwin`)
  - shared_preferences_foundation (from `../flutter_module/.ios/.symlinks/plugins/shared_preferences_foundation/darwin`)

SPEC REPOS:
  https://github.com/CocoaPods/Specs.git:
    - AppleDevices
    - JKRetractableGCDDelay
    - Masonry
    - Toast

EXTERNAL SOURCES:
  Flutter:
    :path: "../flutter_module/.ios/Flutter"
  flutter_app_update:
    :path: "../flutter_module/.ios/.symlinks/plugins/flutter_app_update/ios"
  flutter_boost:
    :path: "../flutter_module/.ios/.symlinks/plugins/flutter_boost/ios"
  flutter_thrio:
    :path: "../flutter_module/.ios/.symlinks/plugins/flutter_thrio/ios"
  FlutterPluginRegistrant:
    :path: "../flutter_module/.ios/Flutter/FlutterPluginRegistrant"
  fluttertoast:
    :path: "../flutter_module/.ios/.symlinks/plugins/fluttertoast/ios"
  path_provider_foundation:
    :path: "../flutter_module/.ios/.symlinks/plugins/path_provider_foundation/darwin"
  shared_preferences_foundation:
    :path: "../flutter_module/.ios/.symlinks/plugins/shared_preferences_foundation/darwin"

SPEC CHECKSUMS:
  AppleDevices: 70a7a616306468135637ecc0404f41e95b32ec1d
  Flutter: f04841e97a9d0b0a8025694d0796dd46242b2854
  flutter_app_update: 65f61da626cb111d1b24674abc4b01728d7723bc
  flutter_boost: 3e8a6e28c86d24c83be5b2fab067746dc77a1ad6
  flutter_thrio: 104aef119f6e95238fda9aa17a7e7e59ed9eb40b
  FlutterPluginRegistrant: 6233d77e40530baa1bc0cdf9e51f75f08b210189
  fluttertoast: fafc4fa4d01a6a9e4f772ecd190ffa525e9e2d9c
  JKRetractableGCDDelay: 95f9c04a3a16725aa3375274e08549f6f7363ba1
  Masonry: 678fab65091a9290e40e2832a55e7ab731aad201
  path_provider_foundation: 29f094ae23ebbca9d3d0cec13889cd9060c0e943
  shared_preferences_foundation: 5b919d13b803cadd15ed2dc053125c68730e5126
  Toast: 91b396c56ee72a5790816f40d3a94dd357abc196

PODFILE CHECKSUM: 2b5a4f3d5343a10e76346c763c35ac8c58b298fd

COCOAPODS: 1.12.1
